
Microsoft Visual Studio Solution File, Format Version 12.00
# Visual Studio Version 16
VisualStudioVersion = 16.0.30011.22
MinimumVisualStudioVersion = 10.0.40219.1
Project("{FAE04EC0-301F-11D3-BF4B-00C04F79EFBC}") = "week6", "week6.csproj", "{98D9A61D-9C6B-40F5-B694-291997A8349E}"
EndProject
Global
	GlobalSection(SolutionConfigurationPlatforms) = preSolution
		Debug|Any CPU = Debug|Any CPU
		Release|Any CPU = Release|Any CPU
	EndGlobalSection
	GlobalSection(ProjectConfigurationPlatforms) = postSolution
		{98D9A61D-9C6B-40F5-B694-291997A8349E}.Debug|Any CPU.ActiveCfg = Debug|Any CPU
		{98D9A61D-9C6B-40F5-B694-291997A8349E}.Debug|Any CPU.Build.0 = Debug|Any CPU
		{98D9A61D-9C6B-40F5-B694-291997A8349E}.Release|Any CPU.ActiveCfg = Release|Any CPU
		{98D9A61D-9C6B-40F5-B694-291997A8349E}.Release|Any CPU.Build.0 = Release|Any CPU
	EndGlobalSection
	GlobalSection(SolutionProperties) = preSolution
		HideSolutionNode = FALSE
	EndGlobalSection
	GlobalSection(ExtensibilityGlobals) = postSolution
		SolutionGuid = {DFC70525-6F35-4E15-841D-E1EB00310C4A}
	EndGlobalSection
EndGlobal
