
Microsoft Visual Studio Solution File, Format Version 12.00
# Visual Studio Version 16
VisualStudioVersion = 16.0.30011.22
MinimumVisualStudioVersion = 10.0.40219.1
Project("{FAE04EC0-301F-11D3-BF4B-00C04F79EFBC}") = "week08", "week08.csproj", "{AC7DD0F9-94EF-420D-B74E-745E85DD9325}"
EndProject
Global
	GlobalSection(SolutionConfigurationPlatforms) = preSolution
		Debug|Any CPU = Debug|Any CPU
		Release|Any CPU = Release|Any CPU
	EndGlobalSection
	GlobalSection(ProjectConfigurationPlatforms) = postSolution
		{AC7DD0F9-94EF-420D-B74E-745E85DD9325}.Debug|Any CPU.ActiveCfg = Debug|Any CPU
		{AC7DD0F9-94EF-420D-B74E-745E85DD9325}.Debug|Any CPU.Build.0 = Debug|Any CPU
		{AC7DD0F9-94EF-420D-B74E-745E85DD9325}.Release|Any CPU.ActiveCfg = Release|Any CPU
		{AC7DD0F9-94EF-420D-B74E-745E85DD9325}.Release|Any CPU.Build.0 = Release|Any CPU
	EndGlobalSection
	GlobalSection(SolutionProperties) = preSolution
		HideSolutionNode = FALSE
	EndGlobalSection
	GlobalSection(ExtensibilityGlobals) = postSolution
		SolutionGuid = {08BEE8A2-B5BD-44F5-B4DB-E3D233FC8FB6}
	EndGlobalSection
EndGlobal
